<?xml version="1.0" encoding="utf-8"?>
<Project ToolsVersion="4.0" xmlns="http://schemas.microsoft.com/developer/msbuild/2003">
  <ItemGroup>
    <Filter Include="Source Files">
      <UniqueIdentifier>{85F6E2C1-6112-49FE-B74F-B579BBE309C0}</UniqueIdentifier>
    </Filter>
    <Filter Include="Source Files\Runtime">
      <UniqueIdentifier>{A3A55390-548E-4F93-A76B-E53FF546AD2C}</UniqueIdentifier>
    </Filter>
    <Filter Include="Source Files\Memory">
      <UniqueIdentifier>{B6C09EF5-6932-4274-A53C-285B5CE0B90C}</UniqueIdentifier>
    </Filter>
    <Filter Include="Source Files\Math">
      <UniqueIdentifier>{B3FD169D-D28F-483B-B860-6A4E28B64A68}</UniqueIdentifier>
    </Filter>
    <Filter Include="Source Files\Geometry">
      <UniqueIdentifier>{E68F33D7-7A76-4F37-9C82-9A0DD3993B2F}</UniqueIdentifier>
    </Filter>
    <Filter Include="Source Files\Collision">
      <UniqueIdentifier>{48CDE3E3-C70E-4401-908D-060CFBE01F7F}</UniqueIdentifier>
    </Filter>
  </ItemGroup>
  <ItemGroup>
    <ClCompile Include="..\driver\src\collision\collision.cpp">
      <Filter>Source Files\Collision</Filter>
    </ClCompile>
    <ClCompile Include="..\driver\src\narrowphase\gjk.cpp">
      <Filter>Source Files\Collision</Filter>
    </ClCompile>
    <ClCompile Include="..\driver\src\broadphase\broadphase.cpp">
      <Filter>Source Files</Filter>
    </ClCompile>
    <ClCompile Include="..\driver\src\collision\collision_self_test.cpp">
      <Filter>Source Files\Collision</Filter>
    </ClCompile>
    <ClCompile Include="..\driver\src\distance\distance.cpp">
      <Filter>Source Files</Filter>
    </ClCompile>
    <ClCompile Include="..\driver\src\self_test.cpp">
      <Filter>Source Files</Filter>
    </ClCompile>
    <ClCompile Include="..\driver\src\driver_entry.cpp">
      <Filter>Source Files</Filter>
    </ClCompile>
    <ClCompile Include="..\driver\src\device_control.cpp">
      <Filter>Source Files</Filter>
    </ClCompile>
    <ClCompile Include="..\driver\src\driver_state.cpp">
      <Filter>Source Files</Filter>
    </ClCompile>
    <ClCompile Include="..\driver\src\geometry\geometry_manager.cpp">
      <Filter>Source Files\Geometry</Filter>
    </ClCompile>
    <ClCompile Include="..\driver\src\memory\pool_allocator.cpp">
      <Filter>Source Files\Memory</Filter>
    </ClCompile>
    <ClCompile Include="..\driver\src\math\eigen_self_test.cpp">
      <Filter>Source Files\Math</Filter>
    </ClCompile>
    <ClCompile Include="..\driver\src\runtime\musa_runtime_adapter.cpp">
      <Filter>Source Files\Runtime</Filter>
    </ClCompile>
  </ItemGroup>
  <ItemGroup>
    <ClInclude Include="..\driver\include\fclmusa\broadphase.h">
      <Filter>Source Files</Filter>
    </ClInclude>
    <ClInclude Include="..\driver\include\fclmusa\collision.h">
      <Filter>Source Files</Filter>
    </ClInclude>
    <ClInclude Include="..\driver\include\fclmusa\distance.h">
      <Filter>Source Files</Filter>
    </ClInclude>
    <ClInclude Include="..\driver\include\fclmusa\narrowphase\gjk.h">
      <Filter>Source Files</Filter>
    </ClInclude>
    <ClInclude Include="..\driver\include\fclmusa\self_test.h">
      <Filter>Source Files</Filter>
    </ClInclude>
    <ClInclude Include="..\driver\include\fclmusa\geometry.h">
      <Filter>Source Files</Filter>
    </ClInclude>
  </ItemGroup>
  <ItemGroup>
    <None Include="..\driver\README.md">
      <Filter>Source Files</Filter>
    </None>
  </ItemGroup>
</Project>
